Microsoft Visual Studio Solution File, Format Version 12.00
# Visual Studio Version 17
VisualStudioVersion = 17.0.31611.283
MinimumVisualStudioVersion = 10.0.40219.1
Project("{9A19103F-16F7-4668-BE54-9A1E7A4F7556}") = "Libra_Nest", "Libra_Nest\Libra_Nest.csproj", "{E4BE5CA7-A4CB-4C8E-AA19-0178E04B27EF}"
EndProject
Global
	GlobalSection(SolutionConfigurationPlatforms) = preSolution
		Debug|Any CPU = Debug|Any CPU
		Release|Any CPU = Release|Any CPU
	EndGlobalSection
	GlobalSection(ProjectConfigurationPlatforms) = postSolution
		{E4BE5CA7-A4CB-4C8E-AA19-0178E04B27EF}.Debug|Any CPU.ActiveCfg = Debug|Any CPU
		{E4BE5CA7-A4CB-4C8E-AA19-0178E04B27EF}.Debug|Any CPU.Build.0 = Debug|Any CPU
		{E4BE5CA7-A4CB-4C8E-AA19-0178E04B27EF}.Debug|Any CPU.Deploy.0 = Debug|Any CPU
		{E4BE5CA7-A4CB-4C8E-AA19-0178E04B27EF}.Release|Any CPU.ActiveCfg = Release|Any CPU
		{E4BE5CA7-A4CB-4C8E-AA19-0178E04B27EF}.Release|Any CPU.Build.0 = Release|Any CPU
		{E4BE5CA7-A4CB-4C8E-AA19-0178E04B27EF}.Release|Any CPU.Deploy.0 = Release|Any CPU
	EndGlobalSection
	GlobalSection(SolutionProperties) = preSolution
		HideSolutionNode = FALSE
	EndGlobalSection
	GlobalSection(ExtensibilityGlobals) = postSolution
		        SolutionGuid = {61F7FB11-1E47-470C-91E2-47F8143E1572}
		SolutionGuid = {8CED4140-7789-456A-84A5-C858CB184186}
	EndGlobalSection
EndGlobal
